
Microsoft Visual Studio Solution File, Format Version 12.00
# Visual Studio Version 16
VisualStudioVersion = 16.0.29001.49
MinimumVisualStudioVersion = 10.0.40219.1
Project("{FAE04EC0-301F-11D3-BF4B-00C04F79EFBC}") = "ArknightsPublicRecruitTool", "ArknightsPublicRecruitTool\ArknightsPublicRecruitTool.csproj", "{7F38FA79-FAFC-41B8-B336-F3BDCCF35F53}"
EndProject
Global
	GlobalSection(SolutionConfigurationPlatforms) = preSolution
		Debug|Any CPU = Debug|Any CPU
		Debug|x86 = Debug|x86
		Release|Any CPU = Release|Any CPU
		Release|x86 = Release|x86
	EndGlobalSection
	GlobalSection(ProjectConfigurationPlatforms) = postSolution
		{7F38FA79-FAFC-41B8-B336-F3BDCCF35F53}.Debug|Any CPU.ActiveCfg = Debug|Any CPU
		{7F38FA79-FAFC-41B8-B336-F3BDCCF35F53}.Debug|Any CPU.Build.0 = Debug|Any CPU
		{7F38FA79-FAFC-41B8-B336-F3BDCCF35F53}.Debug|x86.ActiveCfg = Debug|x86
		{7F38FA79-FAFC-41B8-B336-F3BDCCF35F53}.Debug|x86.Build.0 = Debug|x86
		{7F38FA79-FAFC-41B8-B336-F3BDCCF35F53}.Release|Any CPU.ActiveCfg = Release|Any CPU
		{7F38FA79-FAFC-41B8-B336-F3BDCCF35F53}.Release|Any CPU.Build.0 = Release|Any CPU
		{7F38FA79-FAFC-41B8-B336-F3BDCCF35F53}.Release|x86.ActiveCfg = Release|x86
		{7F38FA79-FAFC-41B8-B336-F3BDCCF35F53}.Release|x86.Build.0 = Release|x86
	EndGlobalSection
	GlobalSection(SolutionProperties) = preSolution
		HideSolutionNode = FALSE
	EndGlobalSection
	GlobalSection(ExtensibilityGlobals) = postSolution
		SolutionGuid = {073E7C05-3862-47C0-855D-0E52D00CBAA1}
	EndGlobalSection
EndGlobal
